// !$*UTF8*$!
{
	archiveVersion = 1;
	classes = {
	};
	objectVersion = 50;
	objects = {

/* Begin PBXBuildFile section */
		4BFCD18E248BE56500CFDA08 /* AppDelegate.swift in Sources */ = {isa = PBXBuildFile; fileRef = 4BFCD18D248BE56500CFDA08 /* AppDelegate.swift */; };
		4BFCD190248BE56500CFDA08 /* SceneDelegate.swift in Sources */ = {isa = PBXBuildFile; fileRef = 4BFCD18F248BE56500CFDA08 /* SceneDelegate.swift */; };
		4BFCD192248BE56500CFDA08 /* ViewController.swift in Sources */ = {isa = PBXBuildFile; fileRef = 4BFCD191248BE56500CFDA08 /* ViewController.swift */; };
		4BFCD195248BE56500CFDA08 /* Main.storyboard in Resources */ = {isa = PBXBuildFile; fileRef = 4BFCD193248BE56500CFDA08 /* Main.storyboard */; };
		4BFCD197248BE56900CFDA08 /* Assets.xcassets in Resources */ = {isa = PBXBuildFile; fileRef = 4BFCD196248BE56900CFDA08 /* Assets.xcassets */; };
		4BFCD19A248BE56900CFDA08 /* LaunchScreen.storyboard in Resources */ = {isa = PBXBuildFile; fileRef = 4BFCD198248BE56900CFDA08 /* LaunchScreen.storyboard */; };
		EC08032892FEEC161744DB3B /* Pods_MapTestG.framework in Frameworks */ = {isa = PBXBuildFile; fileRef = 9FB45D4149DD922A907AE16B /* Pods_MapTestG.framework */; };
/* End PBXBuildFile section */

/* Begin PBXFileReference section */
		4BFCD18A248BE56500CFDA08 /* MapTestG.app */ = {isa = PBXFileReference; explicitFileType = wrapper.application; includeInIndex = 0; path = MapTestG.app; sourceTree = BUILT_PRODUCTS_DIR; };
		4BFCD18D248BE56500CFDA08 /* AppDelegate.swift */ = {isa = PBXFileReference; lastKnownFileType = sourcecode.swift; path = AppDelegate.swift; sourceTree = "<group>"; };
		4BFCD18F248BE56500CFDA08 /* SceneDelegate.swift */ = {isa = PBXFileReference; lastKnownFileType = sourcecode.swift; path = SceneDelegate.swift; sourceTree = "<group>"; };
		4BFCD191248BE56500CFDA08 /* ViewController.swift */ = {isa = PBXFileReference; lastKnownFileType = sourcecode.swift; path = ViewController.swift; sourceTree = "<group>"; };
		4BFCD194248BE56500CFDA08 /* Base */ = {isa = PBXFileReference; lastKnownFileType = file.storyboard; name = Base; path = Base.lproj/Main.storyboard; sourceTree = "<group>"; };
		4BFCD196248BE56900CFDA08 /* Assets.xcassets */ = {isa = PBXFileReference; lastKnownFileType = folder.assetcatalog; path = Assets.xcassets; sourceTree = "<group>"; };
		4BFCD199248BE56900CFDA08 /* Base */ = {isa = PBXFileReference; lastKnownFileType = file.storyboard; name = Base; path = Base.lproj/LaunchScreen.storyboard; sourceTree = "<group>"; };
		4BFCD19B248BE56900CFDA08 /* Info.plist */ = {isa = PBXFileReference; lastKnownFileType = text.plist.xml; path = Info.plist; sourceTree = "<group>"; };
		53DFAA19471F428EC2B6000C /* Pods-MapTestG.debug.xcconfig */ = {isa = PBXFileReference; includeInIndex = 1; lastKnownFileType = text.xcconfig; name = "Pods-MapTestG.debug.xcconfig"; path = "Target Support Files/Pods-MapTestG/Pods-MapTestG.debug.xcconfig"; sourceTree = "<group>"; };
		9FB45D4149DD922A907AE16B /* Pods_MapTestG.framework */ = {isa = PBXFileReference; explicitFileType = wrapper.framework; includeInIndex = 0; path = Pods_MapTestG.framework; sourceTree = BUILT_PRODUCTS_DIR; };
		CB196CC0E5E4C76CC16EA4F4 /* Pods-MapTestG.release.xcconfig */ = {isa = PBXFileReference; includeInIndex = 1; lastKnownFileType = text.xcconfig; name = "Pods-MapTestG.release.xcconfig"; path = "Target Support Files/Pods-MapTestG/Pods-MapTestG.release.xcconfig"; sourceTree = "<group>"; };
/* End PBXFileReference section */

/* Begin PBXFrameworksBuildPhase section */
		4BFCD187248BE56500CFDA08 /* Frameworks */ = {
			isa = PBXFrameworksBuildPhase;
			buildActionMask = 2147483647;
			files = (
				EC08032892FEEC161744DB3B /* Pods_MapTestG.framework in Frameworks */,
			);
			runOnlyForDeploymentPostprocessing = 0;
		};
/* End PBXFrameworksBuildPhase section */

/* Begin PBXGroup section */
		4BFCD181248BE56500CFDA08 = {
			isa = PBXGroup;
			children = (
				4BFCD18C248BE56500CFDA08 /* MapTestG */,
				4BFCD18B248BE56500CFDA08 /* Products */,
				E4CF4F47EA784720B0951819 /* Pods */,
				6847B257E211F422B5F1B9B1 /* Frameworks */,
			);
			sourceTree = "<group>";
		};
		4BFCD18B248BE56500CFDA08 /* Products */ = {
			isa = PBXGroup;
			children = (
				4BFCD18A248BE56500CFDA08 /* MapTestG.app */,
			);
			name = Products;
			sourceTree = "<group>";
		};
		4BFCD18C248BE56500CFDA08 /* MapTestG */ = {
			isa = PBXGroup;
			children = (
				4BFCD18D248BE56500CFDA08 /* AppDelegate.swift */,
				4BFCD18F248BE56500CFDA08 /* SceneDelegate.swift */,
				4BFCD191248BE56500CFDA08 /* ViewController.swift */,
				4BFCD193248BE56500CFDA08 /* Main.storyboard */,
				4BFCD196248BE56900CFDA08 /* Assets.xcassets */,
				4BFCD198248BE56900CFDA08 /* LaunchScreen.storyboard */,
				4BFCD19B248BE56900CFDA08 /* Info.plist */,
			);
			path = MapTestG;
			sourceTree = "<group>";
		};
		6847B257E211F422B5F1B9B1 /* Frameworks */ = {
			isa = PBXGroup;
			children = (
				9FB45D4149DD922A907AE16B /* Pods_MapTestG.framework */,
			);
			name = Frameworks;
			sourceTree = "<group>";
		};
		E4CF4F47EA784720B0951819 /* Pods */ = {
			isa = PBXGroup;
			children = (
				53DFAA19471F428EC2B6000C /* Pods-MapTestG.debug.xcconfig */,
				CB196CC0E5E4C76CC16EA4F4 /* Pods-MapTestG.release.xcconfig */,
			);
			name = Pods;
			path = Pods;
			sourceTree = "<group>";
		};
/* End PBXGroup section */

/* Begin PBXNativeTarget section */
		4BFCD189248BE56500CFDA08 /* MapTestG */ = {
			isa = PBXNativeTarget;
			buildConfigurationList = 4BFCD19E248BE56900CFDA08 /* Build configuration list for PBXNativeTarget "MapTestG" */;
			buildPhases = (
				3DE1C933BD55A698C35663D1 /* [CP] Check Pods Manifest.lock */,
				4BFCD186248BE56500CFDA08 /* Sources */,
				4BFCD187248BE56500CFDA08 /* Frameworks */,
				4BFCD188248BE56500CFDA08 /* Resources */,
				BD5682D14D4CAA6908675F8C /* [CP] Copy Pods Resources */,
			);
			buildRules = (
			);
			dependencies = (
			);
			name = MapTestG;
			productName = MapTestG;
			productReference = 4BFCD18A248BE56500CFDA08 /* MapTestG.app */;
			productType = "com.apple.product-type.application";
		};
/* End PBXNativeTarget section */

/* Begin PBXProject section */
		4BFCD182248BE56500CFDA08 /* Project object */ = {
			isa = PBXProject;
			attributes = {
				LastSwiftUpdateCheck = 1150;
				LastUpgradeCheck = 1150;
				ORGANIZATIONNAME = COMP420;
				TargetAttributes = {
					4BFCD189248BE56500CFDA08 = {
						CreatedOnToolsVersion = 11.5;
					};
				};
			};
			buildConfigurationList = 4BFCD185248BE56500CFDA08 /* Build configuration list for PBXProject "MapTestG" */;
			compatibilityVersion = "Xcode 9.3";
			developmentRegion = en;
			hasScannedForEncodings = 0;
			knownRegions = (
				en,
				Base,
			);
			mainGroup = 4BFCD181248BE56500CFDA08;
			productRefGroup = 4BFCD18B248BE56500CFDA08 /* Products */;
			projectDirPath = "";
			projectRoot = "";
			targets = (
				4BFCD189248BE56500CFDA08 /* MapTestG */,
			);
		};
/* End PBXProject section */

/* Begin PBXResourcesBuildPhase section */
		4BFCD188248BE56500CFDA08 /* Resources */ = {
			isa = PBXResourcesBuildPhase;
			buildActionMask = 2147483647;
			files = (
				4BFCD19A248BE56900CFDA08 /* LaunchScreen.storyboard in Resources */,
				4BFCD197248BE56900CFDA08 /* Assets.xcassets in Resources */,
				4BFCD195248BE56500CFDA08 /* Main.storyboard in Resources */,
			);
			runOnlyForDeploymentPostprocessing = 0;
		};
/* End PBXResourcesBuildPhase section */

/* Begin PBXShellScriptBuildPhase section */
		3DE1C933BD55A698C35663D1 /* [CP] Check Pods Manifest.lock */ = {
			isa = PBXShellScriptBuildPhase;
			buildActionMask = 2147483647;
			files = (
			);
			inputFileListPaths = (
			);
			inputPaths = (
				"${PODS_PODFILE_DIR_PATH}/Podfile.lock",
				"${PODS_ROOT}/Manifest.lock",
			);
			name = "[CP] Check Pods Manifest.lock";
			outputFileListPaths = (
			);
			outputPaths = (
				"$(DERIVED_FILE_DIR)/Pods-MapTestG-checkManifestLockResult.txt",
			);
			runOnlyForDeploymentPostprocessing = 0;
			shellPath = /bin/sh;
			shellScript = "diff \"${PODS_PODFILE_DIR_PATH}/Podfile.lock\" \"${PODS_ROOT}/Manifest.lock\" > /dev/null\nif [ $? != 0 ] ; then\n    # print error to STDERR\n    echo \"error: The sandbox is not in sync with the Podfile.lock. Run 'pod install' or update your CocoaPods installation.\" >&2\n    exit 1\nfi\n# This output is used by Xcode 'outputs' to avoid re-running this script phase.\necho \"SUCCESS\" > \"${SCRIPT_OUTPUT_FILE_0}\"\n";
			showEnvVarsInLog = 0;
		};
		BD5682D14D4CAA6908675F8C /* [CP] Copy Pods Resources */ = {
			isa = PBXShellScriptBuildPhase;
			buildActionMask = 2147483647;
			files = (
			);
			inputFileListPaths = (
				"${PODS_ROOT}/Target Support Files/Pods-MapTestG/Pods-MapTestG-resources-${CONFIGURATION}-input-files.xcfilelist",
			);
			name = "[CP] Copy Pods Resources";
			outputFileListPaths = (
				"${PODS_ROOT}/Target Support Files/Pods-MapTestG/Pods-MapTestG-resources-${CONFIGURATION}-output-files.xcfilelist",
			);
			runOnlyForDeploymentPostprocessing = 0;
			shellPath = /bin/sh;
			shellScript = "\"${PODS_ROOT}/Target Support Files/Pods-MapTestG/Pods-MapTestG-resources.sh\"\n";
			showEnvVarsInLog = 0;
		};
/* End PBXShellScriptBuildPhase section */

/* Begin PBXSourcesBuildPhase section */
		4BFCD186248BE56500CFDA08 /* Sources */ = {
			isa = PBXSourcesBuildPhase;
			buildActionMask = 2147483647;
			files = (
				4BFCD192248BE56500CFDA08 /* ViewController.swift in Sources */,
				4BFCD18E248BE56500CFDA08 /* AppDelegate.swift in Sources */,
				4BFCD190248BE56500CFDA08 /* SceneDelegate.swift in Sources */,
			);
			runOnlyForDeploymentPostprocessing = 0;
		};
/* End PBXSourcesBuildPhase section */

/* Begin PBXVariantGroup section */
		4BFCD193248BE56500CFDA08 /* Main.storyboard */ = {
			isa = PBXVariantGroup;
			children = (
				4BFCD194248BE56500CFDA08 /* Base */,
			);
			name = Main.storyboard;
			sourceTree = "<group>";
		};
		4BFCD198248BE56900CFDA08 /* LaunchScreen.storyboard */ = {
			isa = PBXVariantGroup;
			children = (
				4BFCD199248BE56900CFDA08 /* Base */,
			);
			name = LaunchScreen.storyboard;
			sourceTree = "<group>";
		};
/* End PBXVariantGroup section */

/* Begin XCBuildConfiguration section */
		4BFCD19C248BE56900CFDA08 /* Debug */ = {
			isa = XCBuildConfiguration;
			buildSettings = {
				ALWAYS_SEARCH_USER_PATHS = NO;
				CLANG_ANALYZER_NONNULL = YES;
				CLANG_ANALYZER_NUMBER_OBJECT_CONVERSION = YES_AGGRESSIVE;
				CLANG_CXX_LANGUAGE_STANDARD = "gnu++14";
				CLANG_CXX_LIBRARY = "libc++";
				CLANG_ENABLE_MODULES = YES;
				CLANG_ENABLE_OBJC_ARC = YES;
				CLANG_ENABLE_OBJC_WEAK = YES;
				CLANG_WARN_BLOCK_CAPTURE_AUTORELEASING = YES;
				CLANG_WARN_BOOL_CONVERSION = YES;
				CLANG_WARN_COMMA = YES;
				CLANG_WARN_CONSTANT_CONVERSION = YES;
				CLANG_WARN_DEPRECATED_OBJC_IMPLEMENTATIONS = YES;
				CLANG_WARN_DIRECT_OBJC_ISA_USAGE = YES_ERROR;
				CLANG_WARN_DOCUMENTATION_COMMENTS = YES;
				CLANG_WARN_EMPTY_BODY = YES;
				CLANG_WARN_ENUM_CONVERSION = YES;
				CLANG_WARN_INFINITE_RECURSION = YES;
				CLANG_WARN_INT_CONVERSION = YES;
				CLANG_WARN_NON_LITERAL_NULL_CONVERSION = YES;
				CLANG_WARN_OBJC_IMPLICIT_RETAIN_SELF = YES;
				CLANG_WARN_OBJC_LITERAL_CONVERSION = YES;
				CLANG_WARN_OBJC_ROOT_CLASS = YES_ERROR;
				CLANG_WARN_RANGE_LOOP_ANALYSIS = YES;
				CLANG_WARN_STRICT_PROTOTYPES = YES;
				CLANG_WARN_SUSPICIOUS_MOVE = YES;
				CLANG_WARN_UNGUARDED_AVAILABILITY = YES_AGGRESSIVE;
				CLANG_WARN_UNREACHABLE_CODE = YES;
				CLANG_WARN__DUPLICATE_METHOD_MATCH = YES;
				COPY_PHASE_STRIP = NO;
				DEBUG_INFORMATION_FORMAT = dwarf;
				ENABLE_STRICT_OBJC_MSGSEND = YES;
				ENABLE_TESTABILITY = YES;
				GCC_C_LANGUAGE_STANDARD = gnu11;
				GCC_DYNAMIC_NO_PIC = NO;
				GCC_NO_COMMON_BLOCKS = YES;
				GCC_OPTIMIZATION_LEVEL = 0;
				GCC_PREPROCESSOR_DEFINITIONS = (
					"DEBUG=1",
					"$(inherited)",
				);
				GCC_WARN_64_TO_32_BIT_CONVERSION = YES;
				GCC_WARN_ABOUT_RETURN_TYPE = YES_ERROR;
				GCC_WARN_UNDECLARED_SELECTOR = YES;
				GCC_WARN_UNINITIALIZED_AUTOS = YES_AGGRESSIVE;
				GCC_WARN_UNUSED_FUNCTION = YES;
				GCC_WARN_UNUSED_VARIABLE = YES;
				IPHONEOS_DEPLOYMENT_TARGET = 13.5;
				MTL_ENABLE_DEBUG_INFO = INCLUDE_SOURCE;
				MTL_FAST_MATH = YES;
				ONLY_ACTIVE_ARCH = YES;
				SDKROOT = iphoneos;
				SWIFT_ACTIVE_COMPILATION_CONDITIONS = DEBUG;
				SWIFT_OPTIMIZATION_LEVEL = "-Onone";
			};
			name = Debug;
		};
		4BFCD19D248BE56900CFDA08 /* Release */ = {
			isa = XCBuildConfiguration;
			buildSettings = {
				ALWAYS_SEARCH_USER_PATHS = NO;
				CLANG_ANALYZER_NONNULL = YES;
				CLANG_ANALYZER_NUMBER_OBJECT_CONVERSION = YES_AGGRESSIVE;
				CLANG_CXX_LANGUAGE_STANDARD = "gnu++14";
				CLANG_CXX_LIBRARY = "libc++";
				CLANG_ENABLE_MODULES = YES;
				CLANG_ENABLE_OBJC_ARC = YES;
				CLANG_ENABLE_OBJC_WEAK = YES;
				CLANG_WARN_BLOCK_CAPTURE_AUTORELEASING = YES;
				CLANG_WARN_BOOL_CONVERSION = YES;
				CLANG_WARN_COMMA = YES;
				CLANG_WARN_CONSTANT_CONVERSION = YES;
				CLANG_WARN_DEPRECATED_OBJC_IMPLEMENTATIONS = YES;
				CLANG_WARN_DIRECT_OBJC_ISA_USAGE = YES_ERROR;
				CLANG_WARN_DOCUMENTATION_COMMENTS = YES;
				CLANG_WARN_EMPTY_BODY = YES;
				CLANG_WARN_ENUM_CONVERSION = YES;
				CLANG_WARN_INFINITE_RECURSION = YES;
				CLANG_WARN_INT_CONVERSION = YES;
				CLANG_WARN_NON_LITERAL_NULL_CONVERSION = YES;
				CLANG_WARN_OBJC_IMPLICIT_RETAIN_SELF = YES;
				CLANG_WARN_OBJC_LITERAL_CONVERSION = YES;
				CLANG_WARN_OBJC_ROOT_CLASS = YES_ERROR;
				CLANG_WARN_RANGE_LOOP_ANALYSIS = YES;
				CLANG_WARN_STRICT_PROTOTYPES = YES;
				CLANG_WARN_SUSPICIOUS_MOVE = YES;
				CLANG_WARN_UNGUARDED_AVAILABILITY = YES_AGGRESSIVE;
				CLANG_WARN_UNREACHABLE_CODE = YES;
				CLANG_WARN__DUPLICATE_METHOD_MATCH = YES;
				COPY_PHASE_STRIP = NO;
				DEBUG_INFORMATION_FORMAT = "dwarf-with-dsym";
				ENABLE_NS_ASSERTIONS = NO;
				ENABLE_STRICT_OBJC_MSGSEND = YES;
				GCC_C_LANGUAGE_STANDARD = gnu11;
				GCC_NO_COMMON_BLOCKS = YES;
				GCC_WARN_64_TO_32_BIT_CONVERSION = YES;
				GCC_WARN_ABOUT_RETURN_TYPE = YES_ERROR;
				GCC_WARN_UNDECLARED_SELECTOR = YES;
				GCC_WARN_UNINITIALIZED_AUTOS = YES_AGGRESSIVE;
				GCC_WARN_UNUSED_FUNCTION = YES;
				GCC_WARN_UNUSED_VARIABLE = YES;
				IPHONEOS_DEPLOYMENT_TARGET = 13.5;
				MTL_ENABLE_DEBUG_INFO = NO;
				MTL_FAST_MATH = YES;
				SDKROOT = iphoneos;
				SWIFT_COMPILATION_MODE = wholemodule;
				SWIFT_OPTIMIZATION_LEVEL = "-O";
				VALIDATE_PRODUCT = YES;
			};
			name = Release;
		};
		4BFCD19F248BE56900CFDA08 /* Debug */ = {
			isa = XCBuildConfiguration;
			baseConfigurationReference = 53DFAA19471F428EC2B6000C /* Pods-MapTestG.debug.xcconfig */;
			buildSettings = {
				ASSETCATALOG_COMPILER_APPICON_NAME = AppIcon;
				CODE_SIGN_STYLE = Automatic;
				DEVELOPMENT_TEAM = J4G6654XV2;
				INFOPLIST_FILE = MapTestG/Info.plist;
				LD_RUNPATH_SEARCH_PATHS = (
					"$(inherited)",
					"@executable_path/Frameworks",
				);
				PRODUCT_BUNDLE_IDENTIFIER = kr.ac.knu.comp420.sy.MapTestG;
				PRODUCT_NAME = "$(TARGET_NAME)";
				SWIFT_VERSION = 5.0;
				TARGETED_DEVICE_FAMILY = "1,2";
			};
			name = Debug;
		};
		4BFCD1A0248BE56900CFDA08 /* Release */ = {
			isa = XCBuildConfiguration;
			baseConfigurationReference = CB196CC0E5E4C76CC16EA4F4 /* Pods-MapTestG.release.xcconfig */;
			buildSettings = {
				ASSETCATALOG_COMPILER_APPICON_NAME = AppIcon;
				CODE_SIGN_STYLE = Automatic;
				DEVELOPMENT_TEAM = J4G6654XV2;
				INFOPLIST_FILE = MapTestG/Info.plist;
				LD_RUNPATH_SEARCH_PATHS = (
					"$(inherited)",
					"@executable_path/Frameworks",
				);
				PRODUCT_BUNDLE_IDENTIFIER = kr.ac.knu.comp420.sy.MapTestG;
				PRODUCT_NAME = "$(TARGET_NAME)";
				SWIFT_VERSION = 5.0;
				TARGETED_DEVICE_FAMILY = "1,2";
			};
			name = Release;
		};
/* End XCBuildConfiguration section */

/* Begin XCConfigurationList section */
		4BFCD185248BE56500CFDA08 /* Build configuration list for PBXProject "MapTestG" */ = {
			isa = XCConfigurationList;
			buildConfigurations = (
				4BFCD19C248BE56900CFDA08 /* Debug */,
				4BFCD19D248BE56900CFDA08 /* Release */,
			);
			defaultConfigurationIsVisible = 0;
			defaultConfigurationName = Release;
		};
		4BFCD19E248BE56900CFDA08 /* Build configuration list for PBXNativeTarget "MapTestG" */ = {
			isa = XCConfigurationList;
			buildConfigurations = (
				4BFCD19F248BE56900CFDA08 /* Debug */,
				4BFCD1A0248BE56900CFDA08 /* Release */,
			);
			defaultConfigurationIsVisible = 0;
			defaultConfigurationName = Release;
		};
/* End XCConfigurationList section */
	};
	rootObject = 4BFCD182248BE56500CFDA08 /* Project object */;
}
